<Solution>
    <Folder Name="/Solution Items/">
        <File Path="Directory.Build.props" />
    </Folder>
    <Folder Name="/Solution Items/.github/">
        <File Path=".github\codeql.yml" />
        <File Path=".github\copilot-instructions.md" />
        <File Path=".github\dependabot.yml" />
    </Folder>
    <Folder Name="/Solution Items/.github/instructions/">
        <File Path=".github\instructions\blazor.instructions.md" />
    </Folder>
    <Folder Name="/Solution Items/.github/prompts/">
        <File Path=".github\prompts\astar.prompt.md" />
        <File Path=".github\prompts\xunit.prompt.md" />
    </Folder>
    <Folder Name="/Solution Items/.github/workflows/">
        <File Path=".github\workflows\main_astar-dev.yml" />
    </Folder>
    <Folder Name="/src/" />
    <Folder Name="/src/aspire/">
        <Project Path="src\aspire\AStar.Dev.Web.AppHost\AStar.Dev.Web.AppHost.csproj" />
        <Project Path="src\aspire\AStar.Dev.Web.Aspire.Common\AStar.Dev.Web.Aspire.Common.csproj" />
        <Project Path="src\aspire\AStar.Dev.Web.ServiceDefaults\AStar.Dev.Web.ServiceDefaults.csproj" />
    </Folder>
    <Folder Name="/src/modules/" />
    <Folder Name="/src/modules/apis/">
        <Project Path="src/modules/apis/AStar.Dev.Admin.Api/AStar.Dev.Admin.Api.csproj" />
        <Project Path="src/modules/apis/AStar.Dev.Files.Api/AStar.Dev.Files.Api.csproj" />
        <Project Path="src/modules/apis/AStar.Dev.Files.Classifications.Api/AStar.Dev.Files.Classifications.Api.csproj" />
        <Project Path="src/modules/apis/AStar.Dev.Images.Api/AStar.Dev.Images.Api.csproj" />
        <Project Path="src/modules/apis/AStar.Dev.ToDo.Api/AStar.Dev.ToDo.Api.csproj" />
        <Project Path="src/modules/apis/AStar.Web.ApiService/AStar.Web.ApiService.csproj" />
    </Folder>
    <Folder Name="/src/nuget-packages/">
        <Project Path="src/nuget-packages/AStar.Dev.Admin.Api.Client.Sdk/AStar.Dev.Admin.Api.Client.Sdk.csproj" />
        <Project Path="src/nuget-packages/AStar.Dev.Api.Client.Sdk.Shared/AStar.Dev.Api.Client.Sdk.Shared.csproj" />
        <Project Path="src/nuget-packages/AStar.Dev.Api.HealthChecks/AStar.Dev.Api.HealthChecks.csproj" />
        <Project Path="src/nuget-packages/AStar.Dev.Api.Usage.Sdk/AStar.Dev.Api.Usage.Sdk.csproj" />
        <Project Path="src/nuget-packages/AStar.Dev.AspNet.Extensions/AStar.Dev.AspNet.Extensions.csproj" />
        <Project Path="src/nuget-packages/AStar.Dev.Auth.Extensions/AStar.Dev.Auth.Extensions.csproj" />
        <Project Path="src/nuget-packages/AStar.Dev.Files.Api.Client.SDK/AStar.Dev.Files.Api.Client.SDK.csproj" />
        <Project Path="src/nuget-packages/AStar.Dev.Fluent.Assignments/AStar.Dev.Fluent.Assignments.csproj" />
        <Project Path="src/nuget-packages/AStar.Dev.Functional.Extensions/AStar.Dev.Functional.Extensions.csproj" />
        <Project Path="src/nuget-packages/AStar.Dev.Guard.Clauses/AStar.Dev.Guard.Clauses.csproj" />
        <Project Path="src/nuget-packages/AStar.Dev.Images.Api.Client.SDK/AStar.Dev.Images.Api.Client.SDK.csproj" />
        <Project Path="src/nuget-packages/AStar.Dev.Infrastructure.AdminDb/AStar.Dev.Infrastructure.AdminDb.csproj" />
        <Project Path="src/nuget-packages/AStar.Dev.Infrastructure.FilesDb/AStar.Dev.Infrastructure.FilesDb.csproj" />
        <Project Path="src/nuget-packages/AStar.Dev.Infrastructure.UsageDb/AStar.Dev.Infrastructure.UsageDb.csproj" />
        <Project Path="src/nuget-packages/AStar.Dev.Infrastructure/AStar.Dev.Infrastructure.csproj" />
        <Project Path="src/nuget-packages/AStar.Dev.Logging.Extensions/AStar.Dev.Logging.Extensions.csproj" />
        <Project Path="src/nuget-packages/AStar.Dev.Minimal.Api.Extensions/AStar.Dev.Minimal.Api.Extensions.csproj" />
        <Project Path="src/nuget-packages/AStar.Dev.Technical.Debt.Reporting/AStar.Dev.Technical.Debt.Reporting.csproj" />
        <Project Path="src/nuget-packages/AStar.Dev.Test.Helpers.EndToEnd/AStar.Dev.Test.Helpers.EndToEnd.csproj" />
        <Project Path="src/nuget-packages/AStar.Dev.Test.Helpers.Integration/AStar.Dev.Test.Helpers.Integration.csproj" />
        <Project Path="src/nuget-packages/AStar.Dev.Test.Helpers.Unit/AStar.Dev.Test.Helpers.Unit.csproj" />
        <Project Path="src/nuget-packages/AStar.Dev.Test.Helpers/AStar.Dev.Test.Helpers.csproj" />
        <Project Path="src/nuget-packages/AStar.Dev.Usage.Api.Client.SDK/AStar.Dev.Usage.Api.Client.SDK.csproj" />
        <Project Path="src/nuget-packages/AStar.Dev.Utilities/AStar.Dev.Utilities.csproj" />
    </Folder>
    <Folder Name="/src/services/">
        <Project Path="src/services/AStar.Dev.FilesDb.MigrationService/AStar.Dev.FilesDb.MigrationService.csproj" />
        <Project Path="src/services/AStar.Dev.Usage.Logger/AStar.Dev.Usage.Logger.csproj" />
    </Folder>
    <Folder Name="/src/uis/">
        <Project Path="src\uis\AStar.Dev.Web\AStar.Dev.Web.csproj" />
    </Folder>
    <Folder Name="/test/" />
    <Folder Name="/test/aspire/" />
    <Folder Name="/test/modules/" />
    <Folder Name="/test/modules/apis/">
        <Project Path="test/modules/apis/AStar.Dev.Admin.Api.Tests.EndToEnd/AStar.Dev.Admin.Api.Tests.EndToEnd.csproj" />
        <Project Path="test/modules/apis/AStar.Dev.Admin.Api.Tests.Integration/AStar.Dev.Admin.Api.Tests.Integration.csproj" />
        <Project Path="test/modules/apis/AStar.Dev.Admin.Api.Tests.Unit/AStar.Dev.Admin.Api.Tests.Unit.csproj" />
        <Project Path="test/modules/apis/AStar.Dev.Files.Api.Tests.EndToEnd/AStar.Dev.Files.Api.Tests.EndToEnd.csproj" />
        <Project Path="test/modules/apis/AStar.Dev.Files.Api.Tests.Integration/AStar.Dev.Files.Api.Tests.Integration.csproj" />
        <Project Path="test/modules/apis/AStar.Dev.Files.Api.Tests.Unit/AStar.Dev.Files.Api.Tests.Unit.csproj" />
        <Project Path="test/modules/apis/AStar.Dev.Images.Api.Tests.EndToEnd/AStar.Dev.Images.Api.Tests.EndToEnd.csproj" />
        <Project Path="test/modules/apis/AStar.Dev.Images.Api.Tests.Integration/AStar.Dev.Images.Api.Tests.Integration.csproj" />
        <Project Path="test/modules/apis/AStar.Dev.Images.Api.Tests.Unit/AStar.Dev.Images.Api.Tests.Unit.csproj" />
    </Folder>
    <Folder Name="/test/nuget-packages/">
        <Project Path="test/nuget-packages/AStar.Dev.Admin.Api.Client.Sdk.Tests.Unit/AStar.Dev.Admin.Api.Client.Sdk.Tests.Unit.csproj" />
        <Project Path="test/nuget-packages/AStar.Dev.Api.HealthChecks.Tests.Unit/AStar.Dev.Api.HealthChecks.Tests.Unit.csproj" />
        <Project Path="test/nuget-packages/AStar.Dev.AspNet.Extensions.Tests.Unit/AStar.Dev.AspNet.Extensions.Tests.Unit.csproj" />
        <Project Path="test/nuget-packages/AStar.Dev.Files.Api.Client.Sdk.Tests.Unit/AStar.Dev.Files.Api.Client.Sdk.Tests.Unit.csproj" />
        <Project Path="test/nuget-packages/AStar.Dev.Fluent.Assignments.Tests.Unit/AStar.Dev.Fluent.Assignments.Tests.Unit.csproj" />
        <Project Path="test/nuget-packages/AStar.Dev.Functional.Extensions.Tests.Unit/AStar.Dev.Functional.Extensions.Tests.Unit.csproj" />
        <Project Path="test/nuget-packages/AStar.Dev.Guard.Clauses.Tests.Unit/AStar.Dev.Guard.Clauses.Tests.Unit.csproj" />
        <Project Path="test/nuget-packages/AStar.Dev.Images.Api.Client.Sdk.Tests.Unit/AStar.Dev.Images.Api.Client.Sdk.Tests.Unit.csproj" />
        <Project Path="test/nuget-packages/AStar.Dev.Infrastructure.AdminDb.Tests.Unit/AStar.Dev.Infrastructure.AdminDb.Tests.Unit.csproj" />
        <Project Path="test/nuget-packages/AStar.Dev.Infrastructure.FilesDb.Tests.Unit/AStar.Dev.Infrastructure.FilesDb.Tests.Unit.csproj" />
        <Project Path="test/nuget-packages/AStar.Dev.Infrastructure.Tests.Unit/AStar.Dev.Infrastructure.Tests.Unit.csproj" />
        <Project Path="test/nuget-packages/AStar.Dev.Logging.Extensions.Tests.Unit/AStar.Dev.Logging.Extensions.Tests.Unit.csproj" />
        <Project Path="test/nuget-packages/AStar.Dev.Technical.Debt.Reporting.Tests.Unit/AStar.Dev.Technical.Debt.Reporting.Tests.Unit.csproj" />
        <Project Path="test/nuget-packages/AStar.Dev.Test.Helpers.EndToEnd.Tests.Unit/AStar.Dev.Test.Helpers.EndToEnd.Tests.Unit.csproj" />
        <Project Path="test/nuget-packages/AStar.Dev.Test.Helpers.Integration.Tests.Unit/AStar.Dev.Test.Helpers.Integration.Tests.Unit.csproj" />
        <Project Path="test/nuget-packages/AStar.Dev.Test.Helpers.Tests.Unit.Unit/AStar.Dev.Test.Helpers.Tests.Unit.Unit.csproj" />
        <Project Path="test/nuget-packages/AStar.Dev.Test.Helpers.Tests.Unit/AStar.Dev.Test.Helpers.Tests.Unit.csproj" />
        <Project Path="test/nuget-packages/AStar.Dev.Utilities.Tests.Unit/AStar.Dev.Utilities.Tests.Unit.csproj" />
    </Folder>
    <Folder Name="/test/services/">
        <Project Path="test/services/AStar.Dev.FilesDb.MigrationService.Tests.Unit/AStar.Dev.FilesDb.MigrationService.Tests.Unit.csproj" Id="f7bc390b-0b31-4e6b-9678-309222624674" />
        <Project Path="test/services/AStar.Dev.Usage.Logger.Tests.Unit/AStar.Dev.Usage.Logger.Tests.Unit.csproj" Id="d9a9c5fb-eeb2-4fc2-96b7-4932a2017f59" />
    </Folder>
    <Folder Name="/test/uis/">
        <Project Path="test/uis/AStar.Dev.Web.Tests.Unit/AStar.Dev.Web.Tests.Unit.csproj" />
        <Project Path="test\uis\AStar.Dev.Web.Tests.Integration\AStar.Dev.Web.Tests.Integration.csproj" />
    </Folder>
</Solution>
